# Generated from a real Hugging Face snapshot by scripts/generate-models-lock.py
schema_version = 1
created_at = "2026-06-13T17:30:32Z"

[[artifact]]
id = "google-gemma-4-e4b-it-chat-template-jinja"
role = "llm"
loader = "mistralrs"
source_repo = "google/gemma-4-E4B-it"
source_revision = "fee6332c1abaafb77f6f9624236c63aa2f1d0187"
filename = "chat_template.jinja"
size_bytes = 17336
sha256 = "2f1b4d75d067bae3fe44e676721c7f077d243bc007156cb9c2f8b5836613d082"
signature = ""
license = "gemma"
hardware_profile = "Apple Silicon Metal via mistral.rs"
approved_by = "owner"
created_at = "2026-06-13T17:30:32Z"

[[artifact]]
id = "google-gemma-4-e4b-it-config-json"
role = "llm"
loader = "mistralrs"
source_repo = "google/gemma-4-E4B-it"
source_revision = "fee6332c1abaafb77f6f9624236c63aa2f1d0187"
filename = "config.json"
size_bytes = 5145
sha256 = "33b10c02df3c2e8536cf323d29d53262aaa2f4d11dbe19bc729373fbe90295d4"
signature = ""
license = "gemma"
hardware_profile = "Apple Silicon Metal via mistral.rs"
approved_by = "owner"
created_at = "2026-06-13T17:30:32Z"

[[artifact]]
id = "google-gemma-4-e4b-it-generation-config-json"
role = "llm"
loader = "mistralrs"
source_repo = "google/gemma-4-E4B-it"
source_revision = "fee6332c1abaafb77f6f9624236c63aa2f1d0187"
filename = "generation_config.json"
size_bytes = 208
sha256 = "d4226bbe3117d2d253ba4609720ba82c6c4ce4627a9a6ae05387c78983ac03de"
signature = ""
license = "gemma"
hardware_profile = "Apple Silicon Metal via mistral.rs"
approved_by = "owner"
created_at = "2026-06-13T17:30:32Z"

[[artifact]]
id = "google-gemma-4-e4b-it-model-safetensors"
role = "llm"
loader = "mistralrs"
source_repo = "google/gemma-4-E4B-it"
source_revision = "fee6332c1abaafb77f6f9624236c63aa2f1d0187"
filename = "model.safetensors"
size_bytes = 15992595884
sha256 = "cfbd3d2f1cd71bd471c37fe2bf8546d5028d41e5736f64e1ca6c6b8893125503"
signature = ""
license = "gemma"
hardware_profile = "Apple Silicon Metal via mistral.rs"
approved_by = "owner"
created_at = "2026-06-13T17:30:32Z"

[[artifact]]
id = "google-gemma-4-e4b-it-processor-config-json"
role = "llm"
loader = "mistralrs"
source_repo = "google/gemma-4-E4B-it"
source_revision = "fee6332c1abaafb77f6f9624236c63aa2f1d0187"
filename = "processor_config.json"
size_bytes = 1689
sha256 = "32bdf45d2ad4cc29a0822ddd157a182de76644f0419a6228d151495256e9813c"
signature = ""
license = "gemma"
hardware_profile = "Apple Silicon Metal via mistral.rs"
approved_by = "owner"
created_at = "2026-06-13T17:30:32Z"

[[artifact]]
id = "google-gemma-4-e4b-it-tokenizer-json"
role = "llm"
loader = "mistralrs"
source_repo = "google/gemma-4-E4B-it"
source_revision = "fee6332c1abaafb77f6f9624236c63aa2f1d0187"
filename = "tokenizer.json"
size_bytes = 32169626
sha256 = "cc8d3a0ce36466ccc1278bf987df5f71db1719b9ca6b4118264f45cb627bfe0f"
signature = ""
license = "gemma"
hardware_profile = "Apple Silicon Metal via mistral.rs"
approved_by = "owner"
created_at = "2026-06-13T17:30:32Z"

[[artifact]]
id = "google-gemma-4-12b-it-gitattributes"
role = "llm"
loader = "mistralrs"
source_repo = "google/gemma-4-12B-it"
source_revision = "5926caa4ec0cac5cbfadaf4077420520de1d5205"
filename = ".gitattributes"
size_bytes = 1624
sha256 = "c9aff01d02fd1b5f365056bc5360431b6fef35c3dd8b22bffa9cc27361b22062"
signature = ""
license = "gemma"
hardware_profile = "Apple Silicon Metal via mistral.rs"
approved_by = "owner"
created_at = "2026-06-15T00:00:00Z"

[[artifact]]
id = "google-gemma-4-12b-it-readme-md"
role = "llm"
loader = "mistralrs"
source_repo = "google/gemma-4-12B-it"
source_revision = "5926caa4ec0cac5cbfadaf4077420520de1d5205"
filename = "README.md"
size_bytes = 27867
sha256 = "90fe018915b02f8a95fbb53ec75c9cb7bfe3b7c49ea232a79328a8854f988332"
signature = ""
license = "gemma"
hardware_profile = "Apple Silicon Metal via mistral.rs"
approved_by = "owner"
created_at = "2026-06-15T00:00:00Z"

[[artifact]]
id = "google-gemma-4-12b-it-chat-template-jinja"
role = "llm"
loader = "mistralrs"
source_repo = "google/gemma-4-12B-it"
source_revision = "5926caa4ec0cac5cbfadaf4077420520de1d5205"
filename = "chat_template.jinja"
size_bytes = 17466
sha256 = "36e3a42e5cf14cd0020e72d92e1fdd9970f59b82170e421f0cbe1bb42bead3f0"
signature = ""
license = "gemma"
hardware_profile = "Apple Silicon Metal via mistral.rs"
approved_by = "owner"
created_at = "2026-06-15T00:00:00Z"

[[artifact]]
id = "google-gemma-4-12b-it-config-json"
role = "llm"
loader = "mistralrs"
source_repo = "google/gemma-4-12B-it"
source_revision = "5926caa4ec0cac5cbfadaf4077420520de1d5205"
filename = "config.json"
size_bytes = 4423
sha256 = "478c46e8d2c52d5c2d85bf67e3b3e8c90e7c9d91086cee27e3c267907e936bd9"
signature = ""
license = "gemma"
hardware_profile = "Apple Silicon Metal via mistral.rs"
approved_by = "owner"
created_at = "2026-06-15T00:00:00Z"

[[artifact]]
id = "google-gemma-4-12b-it-generation-config-json"
role = "llm"
loader = "mistralrs"
source_repo = "google/gemma-4-12B-it"
source_revision = "5926caa4ec0cac5cbfadaf4077420520de1d5205"
filename = "generation_config.json"
size_bytes = 260
sha256 = "a8349d9bd64cc5841297fcb5002f0fdc4749c473c8f1b10ea337f9ce4ee7014e"
signature = ""
license = "gemma"
hardware_profile = "Apple Silicon Metal via mistral.rs"
approved_by = "owner"
created_at = "2026-06-15T00:00:00Z"

[[artifact]]
id = "google-gemma-4-12b-it-model-safetensors"
role = "llm"
loader = "mistralrs"
source_repo = "google/gemma-4-12B-it"
source_revision = "5926caa4ec0cac5cbfadaf4077420520de1d5205"
filename = "model.safetensors"
size_bytes = 23919549408
sha256 = "5a84cb313260ac447237b890387116dfa8682e49a6b44bc585ae8353abbff18d"
signature = ""
license = "gemma"
hardware_profile = "Apple Silicon Metal via mistral.rs"
approved_by = "owner"
created_at = "2026-06-15T00:00:00Z"

[[artifact]]
id = "google-gemma-4-12b-it-processor-config-json"
role = "llm"
loader = "mistralrs"
source_repo = "google/gemma-4-12B-it"
source_revision = "5926caa4ec0cac5cbfadaf4077420520de1d5205"
filename = "processor_config.json"
size_bytes = 1382
sha256 = "6b938e76555b3e9946890770e1abcd442a4718f34041a58e8139dc8ad34545c9"
signature = ""
license = "gemma"
hardware_profile = "Apple Silicon Metal via mistral.rs"
approved_by = "owner"
created_at = "2026-06-15T00:00:00Z"

[[artifact]]
id = "google-gemma-4-12b-it-tokenizer-json"
role = "llm"
loader = "mistralrs"
source_repo = "google/gemma-4-12B-it"
source_revision = "5926caa4ec0cac5cbfadaf4077420520de1d5205"
filename = "tokenizer.json"
size_bytes = 32169626
sha256 = "cc8d3a0ce36466ccc1278bf987df5f71db1719b9ca6b4118264f45cb627bfe0f"
signature = ""
license = "gemma"
hardware_profile = "Apple Silicon Metal via mistral.rs"
approved_by = "owner"
created_at = "2026-06-15T00:00:00Z"

[[artifact]]
id = "google-gemma-4-12b-it-tokenizer-config-json"
role = "llm"
loader = "mistralrs"
source_repo = "google/gemma-4-12B-it"
source_revision = "5926caa4ec0cac5cbfadaf4077420520de1d5205"
filename = "tokenizer_config.json"
size_bytes = 2102
sha256 = "09e6222fd7049dae603d0f61a8b10af5a813f22dca10e6cdc6918f76d7661104"
signature = ""
license = "gemma"
hardware_profile = "Apple Silicon Metal via mistral.rs"
approved_by = "owner"
created_at = "2026-06-15T00:00:00Z"

[[artifact]]
id = "llamacpp-b9692-llama-server-macos-arm64"
role = "asr_binary"
loader = "llamacpp-sidecar"
source_repo = "ggml-org/llama.cpp"
source_revision = "b9692"
filename = "llama-server"
size_bytes = 33472
sha256 = "c68b4016e18701e8293e3730a8f13272d8d2d6c10139c8b00421332604b06347"
signature = ""
license = "MIT"
hardware_profile = "macOS arm64 Metal llama.cpp sidecar"
approved_by = "owner"
created_at = "2026-06-18T00:00:00Z"

[[artifact]]
id = "llamacpp-b9692-llama-server-linux-x86_64"
role = "asr_binary"
loader = "llamacpp-sidecar"
source_repo = "ggml-org/llama.cpp"
source_revision = "b9692"
filename = "llama-server"
size_bytes = 17896
sha256 = "1f0b11b1237e0fee6814207f9f667ff0cadf6b65ae90a04cbbfa70a66c5abc5b"
signature = ""
license = "MIT"
hardware_profile = "linux x86_64 CPU llama.cpp sidecar (ggml-org ubuntu-x64 prebuilt)"
approved_by = "owner"
created_at = "2026-06-19T00:00:00Z"

[[artifact]]
id = "llamacpp-b9692-llama-server-linux-aarch64"
role = "asr_binary"
loader = "llamacpp-sidecar"
source_repo = "ggml-org/llama.cpp"
source_revision = "b9692"
filename = "llama-server"
size_bytes = 72480
sha256 = "fcf43e109b269a41fee873eff525dcbe62c52a7a9dbab802ffbd8beb7a63ef4d"
signature = ""
license = "MIT"
hardware_profile = "linux aarch64 CPU llama.cpp sidecar (ggml-org ubuntu-arm64 prebuilt)"
approved_by = "owner"
created_at = "2026-06-19T00:00:00Z"

[[artifact]]
id = "ggml-org-qwen3-asr-1-7b-q8-0-gguf"
role = "asr_model"
loader = "llamacpp-sidecar"
source_repo = "ggml-org/Qwen3-ASR-1.7B-GGUF"
source_revision = "36a678687ba7d07a74ca70ccb0e36902e005fb80"
filename = "Qwen3-ASR-1.7B-Q8_0.gguf"
size_bytes = 2165034944
sha256 = "58e22d0532d4eacaf034cfac17a6fed159f37c41390c710186783be439d1fc57"
signature = ""
license = "apache-2.0 (base model Qwen/Qwen3-ASR-1.7B)"
hardware_profile = "llama.cpp sidecar ASR model, cross-platform GPU/CPU by runtime"
approved_by = "owner"
created_at = "2026-06-18T00:00:00Z"

[[artifact]]
id = "ggml-org-qwen3-asr-1-7b-mmproj-q8-0-gguf"
role = "asr_mmproj"
loader = "llamacpp-sidecar"
source_repo = "ggml-org/Qwen3-ASR-1.7B-GGUF"
source_revision = "36a678687ba7d07a74ca70ccb0e36902e005fb80"
filename = "mmproj-Qwen3-ASR-1.7B-Q8_0.gguf"
size_bytes = 355709344
sha256 = "46c1d533af3f354ceb37ce855dbceff7da7fa7cf1e6a523df3b13440bd164c0d"
signature = ""
license = "apache-2.0 (base model Qwen/Qwen3-ASR-1.7B)"
hardware_profile = "llama.cpp sidecar ASR audio projector, cross-platform GPU/CPU by runtime"
approved_by = "owner"
created_at = "2026-06-18T00:00:00Z"

# --- Parakeet ASR (sherpa-onnx, ADR scout-adr.md). NVIDIA parakeet-tdt-0.6b-v2
# Int8 ONNX export, selected by asr.engine = "parakeet". The four artifacts live
# under <data>/models/parakeet (FAE_PARAKEET_MODELS_DIR) and are fail-closed
# verified (loader "sherpa-onnx", size + SHA-256) by locked_parakeet_path. The
# Int8 ONNX export is a derivative of nvidia/parakeet-tdt-0.6b-v2 (CC-BY-4.0) by
# csukuangfj; see THIRD_PARTY_LICENSES.md for the "indicate changes" notice.
# The ONNX sha256 values are the Hugging Face LFS content oids (Git LFS hashes
# the file content with SHA-256); tokens.txt is a plain git blob hashed locally.

[[artifact]]
id = "csukuangfj-parakeet-tdt-0-6b-v2-int8-encoder"
role = "parakeet_encoder"
loader = "sherpa-onnx"
source_repo = "csukuangfj/sherpa-onnx-nemo-parakeet-tdt-0.6b-v2-int8"
source_revision = "1ab9323565ddb038682214b292f588070a538ce2"
filename = "encoder.int8.onnx"
size_bytes = 652184296
sha256 = "a32b12d17bbbc309d0686fbbcc2987b5e9b8333a7da83fa6b089f0a2acd651ab"
signature = ""
license = "cc-by-4.0 (NVIDIA parakeet-tdt-0.6b-v2, Int8 ONNX export by csukuangfj)"
hardware_profile = "sherpa-onnx offline transducer encoder, CPU on Apple Silicon / CUDA-optional on Linux"
approved_by = "owner"
created_at = "2026-07-08T00:00:00Z"

[[artifact]]
id = "csukuangfj-parakeet-tdt-0-6b-v2-int8-decoder"
role = "parakeet_decoder"
loader = "sherpa-onnx"
source_repo = "csukuangfj/sherpa-onnx-nemo-parakeet-tdt-0.6b-v2-int8"
source_revision = "1ab9323565ddb038682214b292f588070a538ce2"
filename = "decoder.int8.onnx"
size_bytes = 7257753
sha256 = "b6bb64963457237b900e496ee9994b59294526439fbcc1fecf705b31a15c6b4e"
signature = ""
license = "cc-by-4.0 (NVIDIA parakeet-tdt-0.6b-v2, Int8 ONNX export by csukuangfj)"
hardware_profile = "sherpa-onnx offline transducer decoder, CPU on Apple Silicon / CUDA-optional on Linux"
approved_by = "owner"
created_at = "2026-07-08T00:00:00Z"

[[artifact]]
id = "csukuangfj-parakeet-tdt-0-6b-v2-int8-joiner"
role = "parakeet_joiner"
loader = "sherpa-onnx"
source_repo = "csukuangfj/sherpa-onnx-nemo-parakeet-tdt-0.6b-v2-int8"
source_revision = "1ab9323565ddb038682214b292f588070a538ce2"
filename = "joiner.int8.onnx"
size_bytes = 1739080
sha256 = "7946164367946e7f9f29a122407c3252b680dbae9a51343eb2488d057c3c43d2"
signature = ""
license = "cc-by-4.0 (NVIDIA parakeet-tdt-0.6b-v2, Int8 ONNX export by csukuangfj)"
hardware_profile = "sherpa-onnx offline transducer joiner, CPU on Apple Silicon / CUDA-optional on Linux"
approved_by = "owner"
created_at = "2026-07-08T00:00:00Z"

[[artifact]]
id = "csukuangfj-parakeet-tdt-0-6b-v2-int8-tokens"
role = "parakeet_tokens"
loader = "sherpa-onnx"
source_repo = "csukuangfj/sherpa-onnx-nemo-parakeet-tdt-0.6b-v2-int8"
source_revision = "1ab9323565ddb038682214b292f588070a538ce2"
filename = "tokens.txt"
size_bytes = 9384
sha256 = "ec182b70dd42113aff6c5372c75cac58c952443eb22322f57bbd7f53977d497d"
signature = ""
license = "cc-by-4.0 (NVIDIA parakeet-tdt-0.6b-v2, Int8 ONNX export by csukuangfj)"
hardware_profile = "sherpa-onnx offline transducer token table"
approved_by = "owner"
created_at = "2026-07-08T00:00:00Z"

# --- Piper TTS sidecar (Linux-only TTS lane, P5/D2-V5). macOS uses Kokoro/voice-tts
# and never reads these. The `piper` binary entries share the `piper` filename across
# arches (platform-aware resolution at the daemon, same convention as llama-server);
# the SHA pins the extracted executable from the rhasspy/piper 2023.11.14-2 tarball.

[[artifact]]
id = "rhasspy-piper-2023-11-14-2-linux-x86_64"
role = "tts_binary"
loader = "piper-sidecar"
source_repo = "rhasspy/piper"
source_revision = "2023.11.14-2"
filename = "piper"
size_bytes = 4999768
sha256 = "12672a94ca6716e5a8f335cfa68bf43bd9a33284960e3f9d16b85090bf7aab6b"
signature = ""
license = "MIT"
hardware_profile = "linux x86_64 Piper TTS sidecar (rhasspy/piper prebuilt, bundled ONNX Runtime + espeak-ng)"
approved_by = "owner"
created_at = "2026-06-20T00:00:00Z"

[[artifact]]
id = "rhasspy-piper-2023-11-14-2-linux-aarch64"
role = "tts_binary"
loader = "piper-sidecar"
source_repo = "rhasspy/piper"
source_revision = "2023.11.14-2"
filename = "piper"
size_bytes = 5283040
sha256 = "0c44a6360a21367b5d03b8656c3e274f4de715f6533245d8c1f17c242631912b"
signature = ""
license = "MIT"
hardware_profile = "linux aarch64 Piper TTS sidecar (rhasspy/piper prebuilt, bundled ONNX Runtime + espeak-ng)"
approved_by = "owner"
created_at = "2026-06-20T00:00:00Z"

[[artifact]]
id = "rhasspy-piper-voices-en-us-lessac-medium-onnx"
role = "tts_model"
loader = "piper-sidecar"
source_repo = "rhasspy/piper-voices"
source_revision = "e21c7de8d4eab79b902f0d61e662b3f21664b8d2"
filename = "en_US-lessac-medium.onnx"
size_bytes = 63201294
sha256 = "5efe09e69902187827af646e1a6e9d269dee769f9877d17b16b1b46eeaaf019f"
signature = ""
license = "MIT (LJSpeech-derived public-domain voice)"
hardware_profile = "Piper VITS voice, 22.05 kHz, ONNX (resampled to 24 kHz by PiperTtsAdapter)"
approved_by = "owner"
created_at = "2026-06-20T00:00:00Z"

[[artifact]]
id = "rhasspy-piper-voices-en-us-lessac-medium-onnx-json"
role = "tts_model"
loader = "piper-sidecar"
source_repo = "rhasspy/piper-voices"
source_revision = "e21c7de8d4eab79b902f0d61e662b3f21664b8d2"
filename = "en_US-lessac-medium.onnx.json"
size_bytes = 4885
sha256 = "efe19c417bed055f2d69908248c6ba650fa135bc868b0e6abb3da181dab690a0"
signature = ""
license = "MIT (LJSpeech-derived public-domain voice)"
hardware_profile = "Piper voice config JSON (phoneme map, sample rate)"
approved_by = "owner"
created_at = "2026-06-20T00:00:00Z"

# --- Kokoro-82M TTS model (macOS-only TTS lane via voice-tts/mlx-rs). Bundled at
# `<app>/Contents/Resources/Kokoro/` by `just install-kokoro-model` and pointed at
# via `FAE_TTS_MODEL_ID` (an existing local dir), so voice-tts loads it locally
# instead of fetching from HuggingFace (which 401s). Only verified when the daemon
# uses the LOCAL bundle; the HF repo-id default is not gated here. Linux uses Piper
# and never reads these. Only `config.json` + the safetensors are needed — the
# upstream `voices/`+`samples/` are omitted (Fae's own voice ships separately).

[[artifact]]
id = "prince-canuma-kokoro-82m-config-json"
role = "tts_model"
loader = "voice-tts"
source_repo = "prince-canuma/Kokoro-82M"
source_revision = ""
filename = "config.json"
size_bytes = 2351
sha256 = "5abb01e2403b072bf03d04fde160443e209d7a0dad49a423be15196b9b43c17f"
signature = ""
license = "apache-2.0 (hexgrad/Kokoro-82M)"
hardware_profile = "macOS Apple Silicon Kokoro TTS via voice-tts/mlx-rs"
approved_by = "owner"
created_at = "2026-07-05T00:00:00Z"

[[artifact]]
id = "prince-canuma-kokoro-82m-safetensors"
role = "tts_model"
loader = "voice-tts"
source_repo = "prince-canuma/Kokoro-82M"
source_revision = ""
filename = "kokoro-v1_0.safetensors"
size_bytes = 327115152
sha256 = "4e9ecdf03b8b6cf906070390237feda473dc13327cb8d56a43deaa374c02acd8"
signature = ""
license = "apache-2.0 (hexgrad/Kokoro-82M)"
hardware_profile = "macOS Apple Silicon Kokoro TTS via voice-tts/mlx-rs"
approved_by = "owner"
created_at = "2026-07-05T00:00:00Z"
